// !$*UTF8*$!
{
	archiveVersion = 1;
	classes = {
	};
	objectVersion = 50;
	objects = {

/* Begin PBXBuildFile section */
		14ECF070261B214D006794A6 /* UseCaseProtocol.swift in Sources */ = {isa = PBXBuildFile; fileRef = 14ECF06F261B214D006794A6 /* UseCaseProtocol.swift */; };
		14ECF074261B2393006794A6 /* PostPostsRequest.swift in Sources */ = {isa = PBXBuildFile; fileRef = 14ECF073261B2393006794A6 /* PostPostsRequest.swift */; };
		14ECF077261B23FC006794A6 /* PostPostsUseCase.swift in Sources */ = {isa = PBXBuildFile; fileRef = 14ECF076261B23FC006794A6 /* PostPostsUseCase.swift */; };
		14ECF07C261B26A9006794A6 /* Encodable+Data.swift in Sources */ = {isa = PBXBuildFile; fileRef = 14ECF07B261B26A9006794A6 /* Encodable+Data.swift */; };
		14ECF07F261B27FA006794A6 /* PutPostsUseCase.swift in Sources */ = {isa = PBXBuildFile; fileRef = 14ECF07E261B27FA006794A6 /* PutPostsUseCase.swift */; };
		14ECF082261B2808006794A6 /* PutPostsRequest.swift in Sources */ = {isa = PBXBuildFile; fileRef = 14ECF081261B2808006794A6 /* PutPostsRequest.swift */; };
		14ECF085261B298B006794A6 /* UseCaseError.swift in Sources */ = {isa = PBXBuildFile; fileRef = 14ECF084261B298B006794A6 /* UseCaseError.swift */; };
		14ECF089261B2A57006794A6 /* DeletePostsUseCase.swift in Sources */ = {isa = PBXBuildFile; fileRef = 14ECF088261B2A57006794A6 /* DeletePostsUseCase.swift */; };
		14ECF08C261B2A6D006794A6 /* DeletePostsRequest.swift in Sources */ = {isa = PBXBuildFile; fileRef = 14ECF08B261B2A6D006794A6 /* DeletePostsRequest.swift */; };
		14F58726261AFABA008653F8 /* AppDelegate.swift in Sources */ = {isa = PBXBuildFile; fileRef = 14F58725261AFABA008653F8 /* AppDelegate.swift */; };
		14F58728261AFABA008653F8 /* SceneDelegate.swift in Sources */ = {isa = PBXBuildFile; fileRef = 14F58727261AFABA008653F8 /* SceneDelegate.swift */; };
		14F5872A261AFABA008653F8 /* ViewController.swift in Sources */ = {isa = PBXBuildFile; fileRef = 14F58729261AFABA008653F8 /* ViewController.swift */; };
		14F5872D261AFABA008653F8 /* Main.storyboard in Resources */ = {isa = PBXBuildFile; fileRef = 14F5872B261AFABA008653F8 /* Main.storyboard */; };
		14F5872F261AFABD008653F8 /* Assets.xcassets in Resources */ = {isa = PBXBuildFile; fileRef = 14F5872E261AFABD008653F8 /* Assets.xcassets */; };
		14F58732261AFABD008653F8 /* LaunchScreen.storyboard in Resources */ = {isa = PBXBuildFile; fileRef = 14F58730261AFABD008653F8 /* LaunchScreen.storyboard */; };
		14F58740261AFC05008653F8 /* WebService.swift in Sources */ = {isa = PBXBuildFile; fileRef = 14F5873F261AFC05008653F8 /* WebService.swift */; };
		14F58743261B003D008653F8 /* GetPostsRequest.swift in Sources */ = {isa = PBXBuildFile; fileRef = 14F58742261B003D008653F8 /* GetPostsRequest.swift */; };
		14F58747261B01C8008653F8 /* Post.swift in Sources */ = {isa = PBXBuildFile; fileRef = 14F58746261B01C8008653F8 /* Post.swift */; };
		14F5874A261B0201008653F8 /* GetPostsUseCase.swift in Sources */ = {isa = PBXBuildFile; fileRef = 14F58749261B0201008653F8 /* GetPostsUseCase.swift */; };
		14F58751261B0882008653F8 /* HTTPStatusCode.swift in Sources */ = {isa = PBXBuildFile; fileRef = 14F58750261B0882008653F8 /* HTTPStatusCode.swift */; };
		14F58754261B088C008653F8 /* HTTPMethod.swift in Sources */ = {isa = PBXBuildFile; fileRef = 14F58753261B088C008653F8 /* HTTPMethod.swift */; };
		14F58758261B0AB8008653F8 /* HTTPRequest.swift in Sources */ = {isa = PBXBuildFile; fileRef = 14F58757261B0AB8008653F8 /* HTTPRequest.swift */; };
/* End PBXBuildFile section */

/* Begin PBXFileReference section */
		14ECF06F261B214D006794A6 /* UseCaseProtocol.swift */ = {isa = PBXFileReference; lastKnownFileType = sourcecode.swift; path = UseCaseProtocol.swift; sourceTree = "<group>"; };
		14ECF073261B2393006794A6 /* PostPostsRequest.swift */ = {isa = PBXFileReference; lastKnownFileType = sourcecode.swift; path = PostPostsRequest.swift; sourceTree = "<group>"; };
		14ECF076261B23FC006794A6 /* PostPostsUseCase.swift */ = {isa = PBXFileReference; lastKnownFileType = sourcecode.swift; path = PostPostsUseCase.swift; sourceTree = "<group>"; };
		14ECF07B261B26A9006794A6 /* Encodable+Data.swift */ = {isa = PBXFileReference; lastKnownFileType = sourcecode.swift; path = "Encodable+Data.swift"; sourceTree = "<group>"; };
		14ECF07E261B27FA006794A6 /* PutPostsUseCase.swift */ = {isa = PBXFileReference; lastKnownFileType = sourcecode.swift; path = PutPostsUseCase.swift; sourceTree = "<group>"; };
		14ECF081261B2808006794A6 /* PutPostsRequest.swift */ = {isa = PBXFileReference; lastKnownFileType = sourcecode.swift; path = PutPostsRequest.swift; sourceTree = "<group>"; };
		14ECF084261B298B006794A6 /* UseCaseError.swift */ = {isa = PBXFileReference; lastKnownFileType = sourcecode.swift; path = UseCaseError.swift; sourceTree = "<group>"; };
		14ECF088261B2A57006794A6 /* DeletePostsUseCase.swift */ = {isa = PBXFileReference; lastKnownFileType = sourcecode.swift; path = DeletePostsUseCase.swift; sourceTree = "<group>"; };
		14ECF08B261B2A6D006794A6 /* DeletePostsRequest.swift */ = {isa = PBXFileReference; lastKnownFileType = sourcecode.swift; path = DeletePostsRequest.swift; sourceTree = "<group>"; };
		14F58722261AFABA008653F8 /* WebService.app */ = {isa = PBXFileReference; explicitFileType = wrapper.application; includeInIndex = 0; path = WebService.app; sourceTree = BUILT_PRODUCTS_DIR; };
		14F58725261AFABA008653F8 /* AppDelegate.swift */ = {isa = PBXFileReference; lastKnownFileType = sourcecode.swift; path = AppDelegate.swift; sourceTree = "<group>"; };
		14F58727261AFABA008653F8 /* SceneDelegate.swift */ = {isa = PBXFileReference; lastKnownFileType = sourcecode.swift; path = SceneDelegate.swift; sourceTree = "<group>"; };
		14F58729261AFABA008653F8 /* ViewController.swift */ = {isa = PBXFileReference; lastKnownFileType = sourcecode.swift; path = ViewController.swift; sourceTree = "<group>"; };
		14F5872C261AFABA008653F8 /* Base */ = {isa = PBXFileReference; lastKnownFileType = file.storyboard; name = Base; path = Base.lproj/Main.storyboard; sourceTree = "<group>"; };
		14F5872E261AFABD008653F8 /* Assets.xcassets */ = {isa = PBXFileReference; lastKnownFileType = folder.assetcatalog; path = Assets.xcassets; sourceTree = "<group>"; };
		14F58731261AFABD008653F8 /* Base */ = {isa = PBXFileReference; lastKnownFileType = file.storyboard; name = Base; path = Base.lproj/LaunchScreen.storyboard; sourceTree = "<group>"; };
		14F58733261AFABD008653F8 /* Info.plist */ = {isa = PBXFileReference; lastKnownFileType = text.plist.xml; path = Info.plist; sourceTree = "<group>"; };
		14F5873F261AFC05008653F8 /* WebService.swift */ = {isa = PBXFileReference; lastKnownFileType = sourcecode.swift; path = WebService.swift; sourceTree = "<group>"; };
		14F58742261B003D008653F8 /* GetPostsRequest.swift */ = {isa = PBXFileReference; lastKnownFileType = sourcecode.swift; path = GetPostsRequest.swift; sourceTree = "<group>"; };
		14F58746261B01C8008653F8 /* Post.swift */ = {isa = PBXFileReference; lastKnownFileType = sourcecode.swift; path = Post.swift; sourceTree = "<group>"; };
		14F58749261B0201008653F8 /* GetPostsUseCase.swift */ = {isa = PBXFileReference; lastKnownFileType = sourcecode.swift; path = GetPostsUseCase.swift; sourceTree = "<group>"; };
		14F58750261B0882008653F8 /* HTTPStatusCode.swift */ = {isa = PBXFileReference; lastKnownFileType = sourcecode.swift; path = HTTPStatusCode.swift; sourceTree = "<group>"; };
		14F58753261B088C008653F8 /* HTTPMethod.swift */ = {isa = PBXFileReference; lastKnownFileType = sourcecode.swift; path = HTTPMethod.swift; sourceTree = "<group>"; };
		14F58757261B0AB8008653F8 /* HTTPRequest.swift */ = {isa = PBXFileReference; lastKnownFileType = sourcecode.swift; path = HTTPRequest.swift; sourceTree = "<group>"; };
/* End PBXFileReference section */

/* Begin PBXFrameworksBuildPhase section */
		14F5871F261AFABA008653F8 /* Frameworks */ = {
			isa = PBXFrameworksBuildPhase;
			buildActionMask = 2147483647;
			files = (
			);
			runOnlyForDeploymentPostprocessing = 0;
		};
/* End PBXFrameworksBuildPhase section */

/* Begin PBXGroup section */
		14ECF06E261B2131006794A6 /* Web */ = {
			isa = PBXGroup;
			children = (
				14F58753261B088C008653F8 /* HTTPMethod.swift */,
				14F58750261B0882008653F8 /* HTTPStatusCode.swift */,
				14F58757261B0AB8008653F8 /* HTTPRequest.swift */,
				14ECF084261B298B006794A6 /* UseCaseError.swift */,
				14ECF06F261B214D006794A6 /* UseCaseProtocol.swift */,
				14F5873F261AFC05008653F8 /* WebService.swift */,
			);
			path = Web;
			sourceTree = "<group>";
		};
		14ECF079261B268D006794A6 /* Extensions */ = {
			isa = PBXGroup;
			children = (
				14ECF07A261B2693006794A6 /* Foundation */,
			);
			path = Extensions;
			sourceTree = "<group>";
		};
		14ECF07A261B2693006794A6 /* Foundation */ = {
			isa = PBXGroup;
			children = (
				14ECF07B261B26A9006794A6 /* Encodable+Data.swift */,
			);
			path = Foundation;
			sourceTree = "<group>";
		};
		14F58719261AFABA008653F8 = {
			isa = PBXGroup;
			children = (
				14F58724261AFABA008653F8 /* WebService */,
				14F58723261AFABA008653F8 /* Products */,
			);
			sourceTree = "<group>";
		};
		14F58723261AFABA008653F8 /* Products */ = {
			isa = PBXGroup;
			children = (
				14F58722261AFABA008653F8 /* WebService.app */,
			);
			name = Products;
			sourceTree = "<group>";
		};
		14F58724261AFABA008653F8 /* WebService */ = {
			isa = PBXGroup;
			children = (
				14ECF079261B268D006794A6 /* Extensions */,
				14F5873C261AFB50008653F8 /* Core */,
				14F58725261AFABA008653F8 /* AppDelegate.swift */,
				14F58727261AFABA008653F8 /* SceneDelegate.swift */,
				14F58729261AFABA008653F8 /* ViewController.swift */,
				14F5872B261AFABA008653F8 /* Main.storyboard */,
				14F5872E261AFABD008653F8 /* Assets.xcassets */,
				14F58730261AFABD008653F8 /* LaunchScreen.storyboard */,
				14F58733261AFABD008653F8 /* Info.plist */,
			);
			path = WebService;
			sourceTree = "<group>";
		};
		14F5873B261AFB45008653F8 /* Services */ = {
			isa = PBXGroup;
			children = (
				14ECF06E261B2131006794A6 /* Web */,
			);
			path = Services;
			sourceTree = "<group>";
		};
		14F5873C261AFB50008653F8 /* Core */ = {
			isa = PBXGroup;
			children = (
				14F5873D261AFB56008653F8 /* Models */,
				14F5873E261AFB5B008653F8 /* Requests */,
				14F58745261B01B0008653F8 /* UseCases */,
				14F5873B261AFB45008653F8 /* Services */,
			);
			path = Core;
			sourceTree = "<group>";
		};
		14F5873D261AFB56008653F8 /* Models */ = {
			isa = PBXGroup;
			children = (
				14F58746261B01C8008653F8 /* Post.swift */,
			);
			path = Models;
			sourceTree = "<group>";
		};
		14F5873E261AFB5B008653F8 /* Requests */ = {
			isa = PBXGroup;
			children = (
				14F58742261B003D008653F8 /* GetPostsRequest.swift */,
				14ECF073261B2393006794A6 /* PostPostsRequest.swift */,
				14ECF081261B2808006794A6 /* PutPostsRequest.swift */,
				14ECF08B261B2A6D006794A6 /* DeletePostsRequest.swift */,
			);
			path = Requests;
			sourceTree = "<group>";
		};
		14F58745261B01B0008653F8 /* UseCases */ = {
			isa = PBXGroup;
			children = (
				14F58749261B0201008653F8 /* GetPostsUseCase.swift */,
				14ECF076261B23FC006794A6 /* PostPostsUseCase.swift */,
				14ECF07E261B27FA006794A6 /* PutPostsUseCase.swift */,
				14ECF088261B2A57006794A6 /* DeletePostsUseCase.swift */,
			);
			path = UseCases;
			sourceTree = "<group>";
		};
/* End PBXGroup section */

/* Begin PBXNativeTarget section */
		14F58721261AFABA008653F8 /* WebService */ = {
			isa = PBXNativeTarget;
			buildConfigurationList = 14F58736261AFABD008653F8 /* Build configuration list for PBXNativeTarget "WebService" */;
			buildPhases = (
				14F5871E261AFABA008653F8 /* Sources */,
				14F5871F261AFABA008653F8 /* Frameworks */,
				14F58720261AFABA008653F8 /* Resources */,
			);
			buildRules = (
			);
			dependencies = (
			);
			name = WebService;
			productName = WebService;
			productReference = 14F58722261AFABA008653F8 /* WebService.app */;
			productType = "com.apple.product-type.application";
		};
/* End PBXNativeTarget section */

/* Begin PBXProject section */
		14F5871A261AFABA008653F8 /* Project object */ = {
			isa = PBXProject;
			attributes = {
				LastSwiftUpdateCheck = 1240;
				LastUpgradeCheck = 1240;
				TargetAttributes = {
					14F58721261AFABA008653F8 = {
						CreatedOnToolsVersion = 12.4;
					};
				};
			};
			buildConfigurationList = 14F5871D261AFABA008653F8 /* Build configuration list for PBXProject "WebService" */;
			compatibilityVersion = "Xcode 9.3";
			developmentRegion = en;
			hasScannedForEncodings = 0;
			knownRegions = (
				en,
				Base,
			);
			mainGroup = 14F58719261AFABA008653F8;
			productRefGroup = 14F58723261AFABA008653F8 /* Products */;
			projectDirPath = "";
			projectRoot = "";
			targets = (
				14F58721261AFABA008653F8 /* WebService */,
			);
		};
/* End PBXProject section */

/* Begin PBXResourcesBuildPhase section */
		14F58720261AFABA008653F8 /* Resources */ = {
			isa = PBXResourcesBuildPhase;
			buildActionMask = 2147483647;
			files = (
				14F58732261AFABD008653F8 /* LaunchScreen.storyboard in Resources */,
				14F5872F261AFABD008653F8 /* Assets.xcassets in Resources */,
				14F5872D261AFABA008653F8 /* Main.storyboard in Resources */,
			);
			runOnlyForDeploymentPostprocessing = 0;
		};
/* End PBXResourcesBuildPhase section */

/* Begin PBXSourcesBuildPhase section */
		14F5871E261AFABA008653F8 /* Sources */ = {
			isa = PBXSourcesBuildPhase;
			buildActionMask = 2147483647;
			files = (
				14F5872A261AFABA008653F8 /* ViewController.swift in Sources */,
				14ECF074261B2393006794A6 /* PostPostsRequest.swift in Sources */,
				14ECF089261B2A57006794A6 /* DeletePostsUseCase.swift in Sources */,
				14ECF077261B23FC006794A6 /* PostPostsUseCase.swift in Sources */,
				14F58743261B003D008653F8 /* GetPostsRequest.swift in Sources */,
				14F58726261AFABA008653F8 /* AppDelegate.swift in Sources */,
				14F58747261B01C8008653F8 /* Post.swift in Sources */,
				14ECF070261B214D006794A6 /* UseCaseProtocol.swift in Sources */,
				14F5874A261B0201008653F8 /* GetPostsUseCase.swift in Sources */,
				14F58754261B088C008653F8 /* HTTPMethod.swift in Sources */,
				14ECF07C261B26A9006794A6 /* Encodable+Data.swift in Sources */,
				14ECF08C261B2A6D006794A6 /* DeletePostsRequest.swift in Sources */,
				14F58740261AFC05008653F8 /* WebService.swift in Sources */,
				14ECF082261B2808006794A6 /* PutPostsRequest.swift in Sources */,
				14F58758261B0AB8008653F8 /* HTTPRequest.swift in Sources */,
				14F58751261B0882008653F8 /* HTTPStatusCode.swift in Sources */,
				14F58728261AFABA008653F8 /* SceneDelegate.swift in Sources */,
				14ECF085261B298B006794A6 /* UseCaseError.swift in Sources */,
				14ECF07F261B27FA006794A6 /* PutPostsUseCase.swift in Sources */,
			);
			runOnlyForDeploymentPostprocessing = 0;
		};
/* End PBXSourcesBuildPhase section */

/* Begin PBXVariantGroup section */
		14F5872B261AFABA008653F8 /* Main.storyboard */ = {
			isa = PBXVariantGroup;
			children = (
				14F5872C261AFABA008653F8 /* Base */,
			);
			name = Main.storyboard;
			sourceTree = "<group>";
		};
		14F58730261AFABD008653F8 /* LaunchScreen.storyboard */ = {
			isa = PBXVariantGroup;
			children = (
				14F58731261AFABD008653F8 /* Base */,
			);
			name = LaunchScreen.storyboard;
			sourceTree = "<group>";
		};
/* End PBXVariantGroup section */

/* Begin XCBuildConfiguration section */
		14F58734261AFABD008653F8 /* Debug */ = {
			isa = XCBuildConfiguration;
			buildSettings = {
				ALWAYS_SEARCH_USER_PATHS = NO;
				CLANG_ANALYZER_NONNULL = YES;
				CLANG_ANALYZER_NUMBER_OBJECT_CONVERSION = YES_AGGRESSIVE;
				CLANG_CXX_LANGUAGE_STANDARD = "gnu++14";
				CLANG_CXX_LIBRARY = "libc++";
				CLANG_ENABLE_MODULES = YES;
				CLANG_ENABLE_OBJC_ARC = YES;
				CLANG_ENABLE_OBJC_WEAK = YES;
				CLANG_WARN_BLOCK_CAPTURE_AUTORELEASING = YES;
				CLANG_WARN_BOOL_CONVERSION = YES;
				CLANG_WARN_COMMA = YES;
				CLANG_WARN_CONSTANT_CONVERSION = YES;
				CLANG_WARN_DEPRECATED_OBJC_IMPLEMENTATIONS = YES;
				CLANG_WARN_DIRECT_OBJC_ISA_USAGE = YES_ERROR;
				CLANG_WARN_DOCUMENTATION_COMMENTS = YES;
				CLANG_WARN_EMPTY_BODY = YES;
				CLANG_WARN_ENUM_CONVERSION = YES;
				CLANG_WARN_INFINITE_RECURSION = YES;
				CLANG_WARN_INT_CONVERSION = YES;
				CLANG_WARN_NON_LITERAL_NULL_CONVERSION = YES;
				CLANG_WARN_OBJC_IMPLICIT_RETAIN_SELF = YES;
				CLANG_WARN_OBJC_LITERAL_CONVERSION = YES;
				CLANG_WARN_OBJC_ROOT_CLASS = YES_ERROR;
				CLANG_WARN_QUOTED_INCLUDE_IN_FRAMEWORK_HEADER = YES;
				CLANG_WARN_RANGE_LOOP_ANALYSIS = YES;
				CLANG_WARN_STRICT_PROTOTYPES = YES;
				CLANG_WARN_SUSPICIOUS_MOVE = YES;
				CLANG_WARN_UNGUARDED_AVAILABILITY = YES_AGGRESSIVE;
				CLANG_WARN_UNREACHABLE_CODE = YES;
				CLANG_WARN__DUPLICATE_METHOD_MATCH = YES;
				COPY_PHASE_STRIP = NO;
				DEBUG_INFORMATION_FORMAT = dwarf;
				ENABLE_STRICT_OBJC_MSGSEND = YES;
				ENABLE_TESTABILITY = YES;
				GCC_C_LANGUAGE_STANDARD = gnu11;
				GCC_DYNAMIC_NO_PIC = NO;
				GCC_NO_COMMON_BLOCKS = YES;
				GCC_OPTIMIZATION_LEVEL = 0;
				GCC_PREPROCESSOR_DEFINITIONS = (
					"DEBUG=1",
					"$(inherited)",
				);
				GCC_WARN_64_TO_32_BIT_CONVERSION = YES;
				GCC_WARN_ABOUT_RETURN_TYPE = YES_ERROR;
				GCC_WARN_UNDECLARED_SELECTOR = YES;
				GCC_WARN_UNINITIALIZED_AUTOS = YES_AGGRESSIVE;
				GCC_WARN_UNUSED_FUNCTION = YES;
				GCC_WARN_UNUSED_VARIABLE = YES;
				IPHONEOS_DEPLOYMENT_TARGET = 14.4;
				MTL_ENABLE_DEBUG_INFO = INCLUDE_SOURCE;
				MTL_FAST_MATH = YES;
				ONLY_ACTIVE_ARCH = YES;
				SDKROOT = iphoneos;
				SWIFT_ACTIVE_COMPILATION_CONDITIONS = DEBUG;
				SWIFT_OPTIMIZATION_LEVEL = "-Onone";
			};
			name = Debug;
		};
		14F58735261AFABD008653F8 /* Release */ = {
			isa = XCBuildConfiguration;
			buildSettings = {
				ALWAYS_SEARCH_USER_PATHS = NO;
				CLANG_ANALYZER_NONNULL = YES;
				CLANG_ANALYZER_NUMBER_OBJECT_CONVERSION = YES_AGGRESSIVE;
				CLANG_CXX_LANGUAGE_STANDARD = "gnu++14";
				CLANG_CXX_LIBRARY = "libc++";
				CLANG_ENABLE_MODULES = YES;
				CLANG_ENABLE_OBJC_ARC = YES;
				CLANG_ENABLE_OBJC_WEAK = YES;
				CLANG_WARN_BLOCK_CAPTURE_AUTORELEASING = YES;
				CLANG_WARN_BOOL_CONVERSION = YES;
				CLANG_WARN_COMMA = YES;
				CLANG_WARN_CONSTANT_CONVERSION = YES;
				CLANG_WARN_DEPRECATED_OBJC_IMPLEMENTATIONS = YES;
				CLANG_WARN_DIRECT_OBJC_ISA_USAGE = YES_ERROR;
				CLANG_WARN_DOCUMENTATION_COMMENTS = YES;
				CLANG_WARN_EMPTY_BODY = YES;
				CLANG_WARN_ENUM_CONVERSION = YES;
				CLANG_WARN_INFINITE_RECURSION = YES;
				CLANG_WARN_INT_CONVERSION = YES;
				CLANG_WARN_NON_LITERAL_NULL_CONVERSION = YES;
				CLANG_WARN_OBJC_IMPLICIT_RETAIN_SELF = YES;
				CLANG_WARN_OBJC_LITERAL_CONVERSION = YES;
				CLANG_WARN_OBJC_ROOT_CLASS = YES_ERROR;
				CLANG_WARN_QUOTED_INCLUDE_IN_FRAMEWORK_HEADER = YES;
				CLANG_WARN_RANGE_LOOP_ANALYSIS = YES;
				CLANG_WARN_STRICT_PROTOTYPES = YES;
				CLANG_WARN_SUSPICIOUS_MOVE = YES;
				CLANG_WARN_UNGUARDED_AVAILABILITY = YES_AGGRESSIVE;
				CLANG_WARN_UNREACHABLE_CODE = YES;
				CLANG_WARN__DUPLICATE_METHOD_MATCH = YES;
				COPY_PHASE_STRIP = NO;
				DEBUG_INFORMATION_FORMAT = "dwarf-with-dsym";
				ENABLE_NS_ASSERTIONS = NO;
				ENABLE_STRICT_OBJC_MSGSEND = YES;
				GCC_C_LANGUAGE_STANDARD = gnu11;
				GCC_NO_COMMON_BLOCKS = YES;
				GCC_WARN_64_TO_32_BIT_CONVERSION = YES;
				GCC_WARN_ABOUT_RETURN_TYPE = YES_ERROR;
				GCC_WARN_UNDECLARED_SELECTOR = YES;
				GCC_WARN_UNINITIALIZED_AUTOS = YES_AGGRESSIVE;
				GCC_WARN_UNUSED_FUNCTION = YES;
				GCC_WARN_UNUSED_VARIABLE = YES;
				IPHONEOS_DEPLOYMENT_TARGET = 14.4;
				MTL_ENABLE_DEBUG_INFO = NO;
				MTL_FAST_MATH = YES;
				SDKROOT = iphoneos;
				SWIFT_COMPILATION_MODE = wholemodule;
				SWIFT_OPTIMIZATION_LEVEL = "-O";
				VALIDATE_PRODUCT = YES;
			};
			name = Release;
		};
		14F58737261AFABD008653F8 /* Debug */ = {
			isa = XCBuildConfiguration;
			buildSettings = {
				ASSETCATALOG_COMPILER_APPICON_NAME = AppIcon;
				ASSETCATALOG_COMPILER_GLOBAL_ACCENT_COLOR_NAME = AccentColor;
				CODE_SIGN_STYLE = Automatic;
				INFOPLIST_FILE = WebService/Info.plist;
				LD_RUNPATH_SEARCH_PATHS = (
					"$(inherited)",
					"@executable_path/Frameworks",
				);
				PRODUCT_BUNDLE_IDENTIFIER = NLizogubov.WebService;
				PRODUCT_NAME = "$(TARGET_NAME)";
				SWIFT_VERSION = 5.0;
				TARGETED_DEVICE_FAMILY = "1,2";
			};
			name = Debug;
		};
		14F58738261AFABD008653F8 /* Release */ = {
			isa = XCBuildConfiguration;
			buildSettings = {
				ASSETCATALOG_COMPILER_APPICON_NAME = AppIcon;
				ASSETCATALOG_COMPILER_GLOBAL_ACCENT_COLOR_NAME = AccentColor;
				CODE_SIGN_STYLE = Automatic;
				INFOPLIST_FILE = WebService/Info.plist;
				LD_RUNPATH_SEARCH_PATHS = (
					"$(inherited)",
					"@executable_path/Frameworks",
				);
				PRODUCT_BUNDLE_IDENTIFIER = NLizogubov.WebService;
				PRODUCT_NAME = "$(TARGET_NAME)";
				SWIFT_VERSION = 5.0;
				TARGETED_DEVICE_FAMILY = "1,2";
			};
			name = Release;
		};
/* End XCBuildConfiguration section */

/* Begin XCConfigurationList section */
		14F5871D261AFABA008653F8 /* Build configuration list for PBXProject "WebService" */ = {
			isa = XCConfigurationList;
			buildConfigurations = (
				14F58734261AFABD008653F8 /* Debug */,
				14F58735261AFABD008653F8 /* Release */,
			);
			defaultConfigurationIsVisible = 0;
			defaultConfigurationName = Release;
		};
		14F58736261AFABD008653F8 /* Build configuration list for PBXNativeTarget "WebService" */ = {
			isa = XCConfigurationList;
			buildConfigurations = (
				14F58737261AFABD008653F8 /* Debug */,
				14F58738261AFABD008653F8 /* Release */,
			);
			defaultConfigurationIsVisible = 0;
			defaultConfigurationName = Release;
		};
/* End XCConfigurationList section */
	};
	rootObject = 14F5871A261AFABA008653F8 /* Project object */;
}
